
Microsoft Visual Studio Solution File, Format Version 12.00
# Visual Studio Version 17
VisualStudioVersion = 17.0.31903.59
MinimumVisualStudioVersion = 10.0.40219.1
Project("{8BC9CEB8-8B4A-11D0-8D11-00A0C91BC942}") = "Exercise1", "Exercise1\Exercise1.vcxproj", "{2D521019-D26F-44EC-AAC4-AE15E13185C4}"
EndProject
Project("{8BC9CEB8-8B4A-11D0-8D11-00A0C91BC942}") = "Exercise2", "Exercise2\Exercise2.vcxproj", "{85DB2EDA-F6C5-40A2-9A1F-21DC2D742EF2}"
EndProject
Project("{8BC9CEB8-8B4A-11D0-8D11-00A0C91BC942}") = "Exercise3", "Exercise3\Exercise3.vcxproj", "{72649F05-83B5-4B33-8598-325301E0861B}"
EndProject
Project("{8BC9CEB8-8B4A-11D0-8D11-00A0C91BC942}") = "Exercise4", "Exercise4\Exercise4.vcxproj", "{9BA15970-C849-4CD8-A24C-35CE21C062F6}"
EndProject
Project("{8BC9CEB8-8B4A-11D0-8D11-00A0C91BC942}") = "Exercise5", "Exercise5\Exercise5.vcxproj", "{BE972D5D-B4E8-435E-9186-1AD5A6D76D55}"
EndProject
Project("{8BC9CEB8-8B4A-11D0-8D11-00A0C91BC942}") = "Exercise6", "Exercise6\Exercise6.vcxproj", "{834A874B-02D0-4F56-BF95-E0E386F36453}"
EndProject
Project("{8BC9CEB8-8B4A-11D0-8D11-00A0C91BC942}") = "Exercise7", "Exercise7\Exercise7.vcxproj", "{62FBD779-90C2-4123-B8E0-E729EEA8899B}"
EndProject
Project("{8BC9CEB8-8B4A-11D0-8D11-00A0C91BC942}") = "Exercise8", "Exercise8\Exercise8.vcxproj", "{C037AC7B-C861-42D0-BAAC-A9165FB55958}"
EndProject
Project("{8BC9CEB8-8B4A-11D0-8D11-00A0C91BC942}") = "Exercise9", "Exercise9\Exercise9.vcxproj", "{FD029F8E-BC93-4301-95A0-FDA9E5B20AB2}"
EndProject
Project("{8BC9CEB8-8B4A-11D0-8D11-00A0C91BC942}") = "Exercise10", "Exercise10\Exercise10.vcxproj", "{4354E63F-FE6D-4BD7-8786-AC86541336EE}"
EndProject
Global
	GlobalSection(SolutionConfigurationPlatforms) = preSolution
		Debug|Any CPU = Debug|Any CPU
		Debug|x64 = Debug|x64
		Debug|x86 = Debug|x86
		Release|Any CPU = Release|Any CPU
		Release|x64 = Release|x64
		Release|x86 = Release|x86
	EndGlobalSection
	GlobalSection(ProjectConfigurationPlatforms) = postSolution
		{2D521019-D26F-44EC-AAC4-AE15E13185C4}.Debug|Any CPU.ActiveCfg = Debug|x64
		{2D521019-D26F-44EC-AAC4-AE15E13185C4}.Debug|Any CPU.Build.0 = Debug|x64
		{2D521019-D26F-44EC-AAC4-AE15E13185C4}.Debug|x64.ActiveCfg = Debug|x64
		{2D521019-D26F-44EC-AAC4-AE15E13185C4}.Debug|x64.Build.0 = Debug|x64
		{2D521019-D26F-44EC-AAC4-AE15E13185C4}.Debug|x86.ActiveCfg = Debug|Win32
		{2D521019-D26F-44EC-AAC4-AE15E13185C4}.Debug|x86.Build.0 = Debug|Win32
		{2D521019-D26F-44EC-AAC4-AE15E13185C4}.Release|Any CPU.ActiveCfg = Release|x64
		{2D521019-D26F-44EC-AAC4-AE15E13185C4}.Release|Any CPU.Build.0 = Release|x64
		{2D521019-D26F-44EC-AAC4-AE15E13185C4}.Release|x64.ActiveCfg = Release|x64
		{2D521019-D26F-44EC-AAC4-AE15E13185C4}.Release|x64.Build.0 = Release|x64
		{2D521019-D26F-44EC-AAC4-AE15E13185C4}.Release|x86.ActiveCfg = Release|Win32
		{2D521019-D26F-44EC-AAC4-AE15E13185C4}.Release|x86.Build.0 = Release|Win32
		{85DB2EDA-F6C5-40A2-9A1F-21DC2D742EF2}.Debug|Any CPU.ActiveCfg = Debug|x64
		{85DB2EDA-F6C5-40A2-9A1F-21DC2D742EF2}.Debug|Any CPU.Build.0 = Debug|x64
		{85DB2EDA-F6C5-40A2-9A1F-21DC2D742EF2}.Debug|x64.ActiveCfg = Debug|x64
		{85DB2EDA-F6C5-40A2-9A1F-21DC2D742EF2}.Debug|x64.Build.0 = Debug|x64
		{85DB2EDA-F6C5-40A2-9A1F-21DC2D742EF2}.Debug|x86.ActiveCfg = Debug|Win32
		{85DB2EDA-F6C5-40A2-9A1F-21DC2D742EF2}.Debug|x86.Build.0 = Debug|Win32
		{85DB2EDA-F6C5-40A2-9A1F-21DC2D742EF2}.Release|Any CPU.ActiveCfg = Release|x64
		{85DB2EDA-F6C5-40A2-9A1F-21DC2D742EF2}.Release|Any CPU.Build.0 = Release|x64
		{85DB2EDA-F6C5-40A2-9A1F-21DC2D742EF2}.Release|x64.ActiveCfg = Release|x64
		{85DB2EDA-F6C5-40A2-9A1F-21DC2D742EF2}.Release|x64.Build.0 = Release|x64
		{85DB2EDA-F6C5-40A2-9A1F-21DC2D742EF2}.Release|x86.ActiveCfg = Release|Win32
		{85DB2EDA-F6C5-40A2-9A1F-21DC2D742EF2}.Release|x86.Build.0 = Release|Win32
		{72649F05-83B5-4B33-8598-325301E0861B}.Debug|Any CPU.ActiveCfg = Debug|x64
		{72649F05-83B5-4B33-8598-325301E0861B}.Debug|Any CPU.Build.0 = Debug|x64
		{72649F05-83B5-4B33-8598-325301E0861B}.Debug|x64.ActiveCfg = Debug|x64
		{72649F05-83B5-4B33-8598-325301E0861B}.Debug|x64.Build.0 = Debug|x64
		{72649F05-83B5-4B33-8598-325301E0861B}.Debug|x86.ActiveCfg = Debug|Win32
		{72649F05-83B5-4B33-8598-325301E0861B}.Debug|x86.Build.0 = Debug|Win32
		{72649F05-83B5-4B33-8598-325301E0861B}.Release|Any CPU.ActiveCfg = Release|x64
		{72649F05-83B5-4B33-8598-325301E0861B}.Release|Any CPU.Build.0 = Release|x64
		{72649F05-83B5-4B33-8598-325301E0861B}.Release|x64.ActiveCfg = Release|x64
		{72649F05-83B5-4B33-8598-325301E0861B}.Release|x64.Build.0 = Release|x64
		{72649F05-83B5-4B33-8598-325301E0861B}.Release|x86.ActiveCfg = Release|Win32
		{72649F05-83B5-4B33-8598-325301E0861B}.Release|x86.Build.0 = Release|Win32
		{9BA15970-C849-4CD8-A24C-35CE21C062F6}.Debug|Any CPU.ActiveCfg = Debug|x64
		{9BA15970-C849-4CD8-A24C-35CE21C062F6}.Debug|Any CPU.Build.0 = Debug|x64
		{9BA15970-C849-4CD8-A24C-35CE21C062F6}.Debug|x64.ActiveCfg = Debug|x64
		{9BA15970-C849-4CD8-A24C-35CE21C062F6}.Debug|x64.Build.0 = Debug|x64
		{9BA15970-C849-4CD8-A24C-35CE21C062F6}.Debug|x86.ActiveCfg = Debug|Win32
		{9BA15970-C849-4CD8-A24C-35CE21C062F6}.Debug|x86.Build.0 = Debug|Win32
		{9BA15970-C849-4CD8-A24C-35CE21C062F6}.Release|Any CPU.ActiveCfg = Release|x64
		{9BA15970-C849-4CD8-A24C-35CE21C062F6}.Release|Any CPU.Build.0 = Release|x64
		{9BA15970-C849-4CD8-A24C-35CE21C062F6}.Release|x64.ActiveCfg = Release|x64
		{9BA15970-C849-4CD8-A24C-35CE21C062F6}.Release|x64.Build.0 = Release|x64
		{9BA15970-C849-4CD8-A24C-35CE21C062F6}.Release|x86.ActiveCfg = Release|Win32
		{9BA15970-C849-4CD8-A24C-35CE21C062F6}.Release|x86.Build.0 = Release|Win32
		{BE972D5D-B4E8-435E-9186-1AD5A6D76D55}.Debug|Any CPU.ActiveCfg = Debug|x64
		{BE972D5D-B4E8-435E-9186-1AD5A6D76D55}.Debug|Any CPU.Build.0 = Debug|x64
		{BE972D5D-B4E8-435E-9186-1AD5A6D76D55}.Debug|x64.ActiveCfg = Debug|x64
		{BE972D5D-B4E8-435E-9186-1AD5A6D76D55}.Debug|x64.Build.0 = Debug|x64
		{BE972D5D-B4E8-435E-9186-1AD5A6D76D55}.Debug|x86.ActiveCfg = Debug|Win32
		{BE972D5D-B4E8-435E-9186-1AD5A6D76D55}.Debug|x86.Build.0 = Debug|Win32
		{BE972D5D-B4E8-435E-9186-1AD5A6D76D55}.Release|Any CPU.ActiveCfg = Release|x64
		{BE972D5D-B4E8-435E-9186-1AD5A6D76D55}.Release|Any CPU.Build.0 = Release|x64
		{BE972D5D-B4E8-435E-9186-1AD5A6D76D55}.Release|x64.ActiveCfg = Release|x64
		{BE972D5D-B4E8-435E-9186-1AD5A6D76D55}.Release|x64.Build.0 = Release|x64
		{BE972D5D-B4E8-435E-9186-1AD5A6D76D55}.Release|x86.ActiveCfg = Release|Win32
		{BE972D5D-B4E8-435E-9186-1AD5A6D76D55}.Release|x86.Build.0 = Release|Win32
		{834A874B-02D0-4F56-BF95-E0E386F36453}.Debug|Any CPU.ActiveCfg = Debug|x64
		{834A874B-02D0-4F56-BF95-E0E386F36453}.Debug|Any CPU.Build.0 = Debug|x64
		{834A874B-02D0-4F56-BF95-E0E386F36453}.Debug|x64.ActiveCfg = Debug|x64
		{834A874B-02D0-4F56-BF95-E0E386F36453}.Debug|x64.Build.0 = Debug|x64
		{834A874B-02D0-4F56-BF95-E0E386F36453}.Debug|x86.ActiveCfg = Debug|Win32
		{834A874B-02D0-4F56-BF95-E0E386F36453}.Debug|x86.Build.0 = Debug|Win32
		{834A874B-02D0-4F56-BF95-E0E386F36453}.Release|Any CPU.ActiveCfg = Release|x64
		{834A874B-02D0-4F56-BF95-E0E386F36453}.Release|Any CPU.Build.0 = Release|x64
		{834A874B-02D0-4F56-BF95-E0E386F36453}.Release|x64.ActiveCfg = Release|x64
		{834A874B-02D0-4F56-BF95-E0E386F36453}.Release|x64.Build.0 = Release|x64
		{834A874B-02D0-4F56-BF95-E0E386F36453}.Release|x86.ActiveCfg = Release|Win32
		{834A874B-02D0-4F56-BF95-E0E386F36453}.Release|x86.Build.0 = Release|Win32
		{62FBD779-90C2-4123-B8E0-E729EEA8899B}.Debug|Any CPU.ActiveCfg = Debug|x64
		{62FBD779-90C2-4123-B8E0-E729EEA8899B}.Debug|Any CPU.Build.0 = Debug|x64
		{62FBD779-90C2-4123-B8E0-E729EEA8899B}.Debug|x64.ActiveCfg = Debug|x64
		{62FBD779-90C2-4123-B8E0-E729EEA8899B}.Debug|x64.Build.0 = Debug|x64
		{62FBD779-90C2-4123-B8E0-E729EEA8899B}.Debug|x86.ActiveCfg = Debug|Win32
		{62FBD779-90C2-4123-B8E0-E729EEA8899B}.Debug|x86.Build.0 = Debug|Win32
		{62FBD779-90C2-4123-B8E0-E729EEA8899B}.Release|Any CPU.ActiveCfg = Release|x64
		{62FBD779-90C2-4123-B8E0-E729EEA8899B}.Release|Any CPU.Build.0 = Release|x64
		{62FBD779-90C2-4123-B8E0-E729EEA8899B}.Release|x64.ActiveCfg = Release|x64
		{62FBD779-90C2-4123-B8E0-E729EEA8899B}.Release|x64.Build.0 = Release|x64
		{62FBD779-90C2-4123-B8E0-E729EEA8899B}.Release|x86.ActiveCfg = Release|Win32
		{62FBD779-90C2-4123-B8E0-E729EEA8899B}.Release|x86.Build.0 = Release|Win32
		{C037AC7B-C861-42D0-BAAC-A9165FB55958}.Debug|Any CPU.ActiveCfg = Debug|x64
		{C037AC7B-C861-42D0-BAAC-A9165FB55958}.Debug|Any CPU.Build.0 = Debug|x64
		{C037AC7B-C861-42D0-BAAC-A9165FB55958}.Debug|x64.ActiveCfg = Debug|x64
		{C037AC7B-C861-42D0-BAAC-A9165FB55958}.Debug|x64.Build.0 = Debug|x64
		{C037AC7B-C861-42D0-BAAC-A9165FB55958}.Debug|x86.ActiveCfg = Debug|Win32
		{C037AC7B-C861-42D0-BAAC-A9165FB55958}.Debug|x86.Build.0 = Debug|Win32
		{C037AC7B-C861-42D0-BAAC-A9165FB55958}.Release|Any CPU.ActiveCfg = Release|x64
		{C037AC7B-C861-42D0-BAAC-A9165FB55958}.Release|Any CPU.Build.0 = Release|x64
		{C037AC7B-C861-42D0-BAAC-A9165FB55958}.Release|x64.ActiveCfg = Release|x64
		{C037AC7B-C861-42D0-BAAC-A9165FB55958}.Release|x64.Build.0 = Release|x64
		{C037AC7B-C861-42D0-BAAC-A9165FB55958}.Release|x86.ActiveCfg = Release|Win32
		{C037AC7B-C861-42D0-BAAC-A9165FB55958}.Release|x86.Build.0 = Release|Win32
		{FD029F8E-BC93-4301-95A0-FDA9E5B20AB2}.Debug|Any CPU.ActiveCfg = Debug|x64
		{FD029F8E-BC93-4301-95A0-FDA9E5B20AB2}.Debug|Any CPU.Build.0 = Debug|x64
		{FD029F8E-BC93-4301-95A0-FDA9E5B20AB2}.Debug|x64.ActiveCfg = Debug|x64
		{FD029F8E-BC93-4301-95A0-FDA9E5B20AB2}.Debug|x64.Build.0 = Debug|x64
		{FD029F8E-BC93-4301-95A0-FDA9E5B20AB2}.Debug|x86.ActiveCfg = Debug|Win32
		{FD029F8E-BC93-4301-95A0-FDA9E5B20AB2}.Debug|x86.Build.0 = Debug|Win32
		{FD029F8E-BC93-4301-95A0-FDA9E5B20AB2}.Release|Any CPU.ActiveCfg = Release|x64
		{FD029F8E-BC93-4301-95A0-FDA9E5B20AB2}.Release|Any CPU.Build.0 = Release|x64
		{FD029F8E-BC93-4301-95A0-FDA9E5B20AB2}.Release|x64.ActiveCfg = Release|x64
		{FD029F8E-BC93-4301-95A0-FDA9E5B20AB2}.Release|x64.Build.0 = Release|x64
		{FD029F8E-BC93-4301-95A0-FDA9E5B20AB2}.Release|x86.ActiveCfg = Release|Win32
		{FD029F8E-BC93-4301-95A0-FDA9E5B20AB2}.Release|x86.Build.0 = Release|Win32
		{4354E63F-FE6D-4BD7-8786-AC86541336EE}.Debug|Any CPU.ActiveCfg = Debug|x64
		{4354E63F-FE6D-4BD7-8786-AC86541336EE}.Debug|Any CPU.Build.0 = Debug|x64
		{4354E63F-FE6D-4BD7-8786-AC86541336EE}.Debug|x64.ActiveCfg = Debug|x64
		{4354E63F-FE6D-4BD7-8786-AC86541336EE}.Debug|x64.Build.0 = Debug|x64
		{4354E63F-FE6D-4BD7-8786-AC86541336EE}.Debug|x86.ActiveCfg = Debug|Win32
		{4354E63F-FE6D-4BD7-8786-AC86541336EE}.Debug|x86.Build.0 = Debug|Win32
		{4354E63F-FE6D-4BD7-8786-AC86541336EE}.Release|Any CPU.ActiveCfg = Release|x64
		{4354E63F-FE6D-4BD7-8786-AC86541336EE}.Release|Any CPU.Build.0 = Release|x64
		{4354E63F-FE6D-4BD7-8786-AC86541336EE}.Release|x64.ActiveCfg = Release|x64
		{4354E63F-FE6D-4BD7-8786-AC86541336EE}.Release|x64.Build.0 = Release|x64
		{4354E63F-FE6D-4BD7-8786-AC86541336EE}.Release|x86.ActiveCfg = Release|Win32
		{4354E63F-FE6D-4BD7-8786-AC86541336EE}.Release|x86.Build.0 = Release|Win32
	EndGlobalSection
	GlobalSection(SolutionProperties) = preSolution
		HideSolutionNode = FALSE
	EndGlobalSection
	GlobalSection(ExtensibilityGlobals) = postSolution
		SolutionGuid = {796D50EC-9835-4A71-96B4-2F34B31EBDFC}
	EndGlobalSection
EndGlobal
